// !$*UTF8*$!
{
	archiveVersion = 1;
	classes = {
	};
	objectVersion = 56;
	objects = {

/* Begin PBXBuildFile section */
		8637652C2BE78353001BA126 /* ImageRequestBuilder.swift in Sources */ = {isa = PBXBuildFile; fileRef = 8637652B2BE78353001BA126 /* ImageRequestBuilder.swift */; };
		8637652F2BE784D1001BA126 /* SDWebImage in Frameworks */ = {isa = PBXBuildFile; productRef = 8637652E2BE784D1001BA126 /* SDWebImage */; };
		863765312BE7A8A1001BA126 /* NFUpcomingView.swift in Sources */ = {isa = PBXBuildFile; fileRef = 863765302BE7A8A1001BA126 /* NFUpcomingView.swift */; };
		863765332BE7A93A001BA126 /* NFUpcomingTableViewCell.swift in Sources */ = {isa = PBXBuildFile; fileRef = 863765322BE7A93A001BA126 /* NFUpcomingTableViewCell.swift */; };
		863765352BE7B7DA001BA126 /* NFUpcomingVM.swift in Sources */ = {isa = PBXBuildFile; fileRef = 863765342BE7B7DA001BA126 /* NFUpcomingVM.swift */; };
		8639A57F2BC9A6E300FF4A0F /* NFHomeView.swift in Sources */ = {isa = PBXBuildFile; fileRef = 8639A57E2BC9A6E300FF4A0F /* NFHomeView.swift */; };
		86B01A9D2BCD979D00AC7A91 /* MovieResponse.swift in Sources */ = {isa = PBXBuildFile; fileRef = 86B01A9C2BCD979D00AC7A91 /* MovieResponse.swift */; };
		86D34FC22BCA85D700E76076 /* CategoryItemCollectionViewCell.swift in Sources */ = {isa = PBXBuildFile; fileRef = 86D34FC12BCA85D700E76076 /* CategoryItemCollectionViewCell.swift */; };
		86D34FC62BCA87F600E76076 /* BannerCollectionViewCell.swift in Sources */ = {isa = PBXBuildFile; fileRef = 86D34FC52BCA87F600E76076 /* BannerCollectionViewCell.swift */; };
		86D9F2312BCBC0F600D84982 /* CategoryHeaderCollectionReusableView.swift in Sources */ = {isa = PBXBuildFile; fileRef = 86D9F2302BCBC0F600D84982 /* CategoryHeaderCollectionReusableView.swift */; };
		86D9F2342BCC23F200D84982 /* NFEnums.swift in Sources */ = {isa = PBXBuildFile; fileRef = 86D9F2332BCC23F200D84982 /* NFEnums.swift */; };
		86D9F2362BCC246800D84982 /* NFBannerViewModel.swift in Sources */ = {isa = PBXBuildFile; fileRef = 86D9F2352BCC246800D84982 /* NFBannerViewModel.swift */; };
		86D9F2382BCC248B00D84982 /* NFCategoryViewModel.swift in Sources */ = {isa = PBXBuildFile; fileRef = 86D9F2372BCC248B00D84982 /* NFCategoryViewModel.swift */; };
		86D9F23A2BCC26A600D84982 /* NFHomeViewVM.swift in Sources */ = {isa = PBXBuildFile; fileRef = 86D9F2392BCC26A600D84982 /* NFHomeViewVM.swift */; };
		86D9F23C2BCC2E1100D84982 /* NFAPICaller.swift in Sources */ = {isa = PBXBuildFile; fileRef = 86D9F23B2BCC2E1100D84982 /* NFAPICaller.swift */; };
		86D9F23F2BCC32B100D84982 /* NFEndPointType.swift in Sources */ = {isa = PBXBuildFile; fileRef = 86D9F23E2BCC32B100D84982 /* NFEndPointType.swift */; };
		86DF317B2BC5AEA300D7332B /* AppDelegate.swift in Sources */ = {isa = PBXBuildFile; fileRef = 86DF317A2BC5AEA300D7332B /* AppDelegate.swift */; };
		86DF317D2BC5AEA300D7332B /* SceneDelegate.swift in Sources */ = {isa = PBXBuildFile; fileRef = 86DF317C2BC5AEA300D7332B /* SceneDelegate.swift */; };
		86DF317F2BC5AEA300D7332B /* MainTabBarController.swift in Sources */ = {isa = PBXBuildFile; fileRef = 86DF317E2BC5AEA300D7332B /* MainTabBarController.swift */; };
		86DF31842BC5AEA400D7332B /* Assets.xcassets in Resources */ = {isa = PBXBuildFile; fileRef = 86DF31832BC5AEA400D7332B /* Assets.xcassets */; };
		86DF31872BC5AEA400D7332B /* LaunchScreen.storyboard in Resources */ = {isa = PBXBuildFile; fileRef = 86DF31852BC5AEA400D7332B /* LaunchScreen.storyboard */; };
		86DF31902BC5B15300D7332B /* NFHomeVC.swift in Sources */ = {isa = PBXBuildFile; fileRef = 86DF318F2BC5B15300D7332B /* NFHomeVC.swift */; };
		86DF31922BC5B15D00D7332B /* NFUpcomingVC.swift in Sources */ = {isa = PBXBuildFile; fileRef = 86DF31912BC5B15D00D7332B /* NFUpcomingVC.swift */; };
		86DF31952BC5B17200D7332B /* SearchVC.swift in Sources */ = {isa = PBXBuildFile; fileRef = 86DF31942BC5B17200D7332B /* SearchVC.swift */; };
		86DF31972BC5B2EE00D7332B /* DownloadsVC.swift in Sources */ = {isa = PBXBuildFile; fileRef = 86DF31962BC5B2EE00D7332B /* DownloadsVC.swift */; };
/* End PBXBuildFile section */

/* Begin PBXFileReference section */
		8637652B2BE78353001BA126 /* ImageRequestBuilder.swift */ = {isa = PBXFileReference; lastKnownFileType = sourcecode.swift; path = ImageRequestBuilder.swift; sourceTree = "<group>"; };
		863765302BE7A8A1001BA126 /* NFUpcomingView.swift */ = {isa = PBXFileReference; lastKnownFileType = sourcecode.swift; path = NFUpcomingView.swift; sourceTree = "<group>"; };
		863765322BE7A93A001BA126 /* NFUpcomingTableViewCell.swift */ = {isa = PBXFileReference; lastKnownFileType = sourcecode.swift; path = NFUpcomingTableViewCell.swift; sourceTree = "<group>"; };
		863765342BE7B7DA001BA126 /* NFUpcomingVM.swift */ = {isa = PBXFileReference; lastKnownFileType = sourcecode.swift; path = NFUpcomingVM.swift; sourceTree = "<group>"; };
		8639A57E2BC9A6E300FF4A0F /* NFHomeView.swift */ = {isa = PBXFileReference; lastKnownFileType = sourcecode.swift; path = NFHomeView.swift; sourceTree = "<group>"; };
		86B01A9C2BCD979D00AC7A91 /* MovieResponse.swift */ = {isa = PBXFileReference; lastKnownFileType = sourcecode.swift; path = MovieResponse.swift; sourceTree = "<group>"; };
		86D34FC12BCA85D700E76076 /* CategoryItemCollectionViewCell.swift */ = {isa = PBXFileReference; lastKnownFileType = sourcecode.swift; path = CategoryItemCollectionViewCell.swift; sourceTree = "<group>"; };
		86D34FC52BCA87F600E76076 /* BannerCollectionViewCell.swift */ = {isa = PBXFileReference; lastKnownFileType = sourcecode.swift; path = BannerCollectionViewCell.swift; sourceTree = "<group>"; };
		86D9F2302BCBC0F600D84982 /* CategoryHeaderCollectionReusableView.swift */ = {isa = PBXFileReference; lastKnownFileType = sourcecode.swift; path = CategoryHeaderCollectionReusableView.swift; sourceTree = "<group>"; };
		86D9F2332BCC23F200D84982 /* NFEnums.swift */ = {isa = PBXFileReference; lastKnownFileType = sourcecode.swift; path = NFEnums.swift; sourceTree = "<group>"; };
		86D9F2352BCC246800D84982 /* NFBannerViewModel.swift */ = {isa = PBXFileReference; lastKnownFileType = sourcecode.swift; path = NFBannerViewModel.swift; sourceTree = "<group>"; };
		86D9F2372BCC248B00D84982 /* NFCategoryViewModel.swift */ = {isa = PBXFileReference; lastKnownFileType = sourcecode.swift; path = NFCategoryViewModel.swift; sourceTree = "<group>"; };
		86D9F2392BCC26A600D84982 /* NFHomeViewVM.swift */ = {isa = PBXFileReference; lastKnownFileType = sourcecode.swift; path = NFHomeViewVM.swift; sourceTree = "<group>"; };
		86D9F23B2BCC2E1100D84982 /* NFAPICaller.swift */ = {isa = PBXFileReference; lastKnownFileType = sourcecode.swift; path = NFAPICaller.swift; sourceTree = "<group>"; };
		86D9F23E2BCC32B100D84982 /* NFEndPointType.swift */ = {isa = PBXFileReference; lastKnownFileType = sourcecode.swift; path = NFEndPointType.swift; sourceTree = "<group>"; };
		86DF31772BC5AEA300D7332B /* Netflix.app */ = {isa = PBXFileReference; explicitFileType = wrapper.application; includeInIndex = 0; path = Netflix.app; sourceTree = BUILT_PRODUCTS_DIR; };
		86DF317A2BC5AEA300D7332B /* AppDelegate.swift */ = {isa = PBXFileReference; lastKnownFileType = sourcecode.swift; path = AppDelegate.swift; sourceTree = "<group>"; };
		86DF317C2BC5AEA300D7332B /* SceneDelegate.swift */ = {isa = PBXFileReference; lastKnownFileType = sourcecode.swift; path = SceneDelegate.swift; sourceTree = "<group>"; };
		86DF317E2BC5AEA300D7332B /* MainTabBarController.swift */ = {isa = PBXFileReference; lastKnownFileType = sourcecode.swift; path = MainTabBarController.swift; sourceTree = "<group>"; };
		86DF31832BC5AEA400D7332B /* Assets.xcassets */ = {isa = PBXFileReference; lastKnownFileType = folder.assetcatalog; path = Assets.xcassets; sourceTree = "<group>"; };
		86DF31862BC5AEA400D7332B /* Base */ = {isa = PBXFileReference; lastKnownFileType = file.storyboard; name = Base; path = Base.lproj/LaunchScreen.storyboard; sourceTree = "<group>"; };
		86DF31882BC5AEA400D7332B /* Info.plist */ = {isa = PBXFileReference; lastKnownFileType = text.plist.xml; path = Info.plist; sourceTree = "<group>"; };
		86DF318F2BC5B15300D7332B /* NFHomeVC.swift */ = {isa = PBXFileReference; lastKnownFileType = sourcecode.swift; path = NFHomeVC.swift; sourceTree = "<group>"; };
		86DF31912BC5B15D00D7332B /* NFUpcomingVC.swift */ = {isa = PBXFileReference; lastKnownFileType = sourcecode.swift; path = NFUpcomingVC.swift; sourceTree = "<group>"; };
		86DF31942BC5B17200D7332B /* SearchVC.swift */ = {isa = PBXFileReference; lastKnownFileType = sourcecode.swift; path = SearchVC.swift; sourceTree = "<group>"; };
		86DF31962BC5B2EE00D7332B /* DownloadsVC.swift */ = {isa = PBXFileReference; lastKnownFileType = sourcecode.swift; path = DownloadsVC.swift; sourceTree = "<group>"; };
/* End PBXFileReference section */

/* Begin PBXFrameworksBuildPhase section */
		86DF31742BC5AEA300D7332B /* Frameworks */ = {
			isa = PBXFrameworksBuildPhase;
			buildActionMask = 2147483647;
			files = (
				8637652F2BE784D1001BA126 /* SDWebImage in Frameworks */,
			);
			runOnlyForDeploymentPostprocessing = 0;
		};
/* End PBXFrameworksBuildPhase section */

/* Begin PBXGroup section */
		8639A57D2BC9A6B700FF4A0F /* Views */ = {
			isa = PBXGroup;
			children = (
				86D9F22F2BCBC0A700D84982 /* Headers */,
				86D34FC32BCA85DA00E76076 /* Cells */,
				8639A57E2BC9A6E300FF4A0F /* NFHomeView.swift */,
				863765302BE7A8A1001BA126 /* NFUpcomingView.swift */,
			);
			path = Views;
			sourceTree = "<group>";
		};
		86D34FBD2BCA851000E76076 /* Models */ = {
			isa = PBXGroup;
			children = (
				86B01A9C2BCD979D00AC7A91 /* MovieResponse.swift */,
			);
			path = Models;
			sourceTree = "<group>";
		};
		86D34FBE2BCA851500E76076 /* ViewModels */ = {
			isa = PBXGroup;
			children = (
				86D9F2352BCC246800D84982 /* NFBannerViewModel.swift */,
				86D9F2372BCC248B00D84982 /* NFCategoryViewModel.swift */,
				86D9F2392BCC26A600D84982 /* NFHomeViewVM.swift */,
				863765342BE7B7DA001BA126 /* NFUpcomingVM.swift */,
			);
			path = ViewModels;
			sourceTree = "<group>";
		};
		86D34FBF2BCA852600E76076 /* Resources */ = {
			isa = PBXGroup;
			children = (
			);
			path = Resources;
			sourceTree = "<group>";
		};
		86D34FC02BCA854700E76076 /* Managers */ = {
			isa = PBXGroup;
			children = (
			);
			path = Managers;
			sourceTree = "<group>";
		};
		86D34FC32BCA85DA00E76076 /* Cells */ = {
			isa = PBXGroup;
			children = (
				86D34FC12BCA85D700E76076 /* CategoryItemCollectionViewCell.swift */,
				86D34FC52BCA87F600E76076 /* BannerCollectionViewCell.swift */,
				863765322BE7A93A001BA126 /* NFUpcomingTableViewCell.swift */,
			);
			path = Cells;
			sourceTree = "<group>";
		};
		86D9F22F2BCBC0A700D84982 /* Headers */ = {
			isa = PBXGroup;
			children = (
				86D9F2302BCBC0F600D84982 /* CategoryHeaderCollectionReusableView.swift */,
			);
			path = Headers;
			sourceTree = "<group>";
		};
		86D9F2322BCC23BD00D84982 /* Enums */ = {
			isa = PBXGroup;
			children = (
				86D9F2332BCC23F200D84982 /* NFEnums.swift */,
			);
			path = Enums;
			sourceTree = "<group>";
		};
		86D9F23D2BCC328E00D84982 /* NetworkLayer */ = {
			isa = PBXGroup;
			children = (
				86D9F23B2BCC2E1100D84982 /* NFAPICaller.swift */,
				86D9F23E2BCC32B100D84982 /* NFEndPointType.swift */,
				8637652B2BE78353001BA126 /* ImageRequestBuilder.swift */,
			);
			path = NetworkLayer;
			sourceTree = "<group>";
		};
		86DF316E2BC5AEA300D7332B = {
			isa = PBXGroup;
			children = (
				86DF31792BC5AEA300D7332B /* Netflix */,
				86DF31782BC5AEA300D7332B /* Products */,
			);
			sourceTree = "<group>";
		};
		86DF31782BC5AEA300D7332B /* Products */ = {
			isa = PBXGroup;
			children = (
				86DF31772BC5AEA300D7332B /* Netflix.app */,
			);
			name = Products;
			sourceTree = "<group>";
		};
		86DF31792BC5AEA300D7332B /* Netflix */ = {
			isa = PBXGroup;
			children = (
				86D9F23D2BCC328E00D84982 /* NetworkLayer */,
				86D9F2322BCC23BD00D84982 /* Enums */,
				86D34FC02BCA854700E76076 /* Managers */,
				86D34FBF2BCA852600E76076 /* Resources */,
				86D34FBE2BCA851500E76076 /* ViewModels */,
				86D34FBD2BCA851000E76076 /* Models */,
				8639A57D2BC9A6B700FF4A0F /* Views */,
				86DF318E2BC5B13B00D7332B /* ViewControllers */,
				86DF317A2BC5AEA300D7332B /* AppDelegate.swift */,
				86DF317C2BC5AEA300D7332B /* SceneDelegate.swift */,
				86DF31832BC5AEA400D7332B /* Assets.xcassets */,
				86DF31852BC5AEA400D7332B /* LaunchScreen.storyboard */,
				86DF31882BC5AEA400D7332B /* Info.plist */,
			);
			path = Netflix;
			sourceTree = "<group>";
		};
		86DF318E2BC5B13B00D7332B /* ViewControllers */ = {
			isa = PBXGroup;
			children = (
				86DF318F2BC5B15300D7332B /* NFHomeVC.swift */,
				86DF31912BC5B15D00D7332B /* NFUpcomingVC.swift */,
				86DF31942BC5B17200D7332B /* SearchVC.swift */,
				86DF31962BC5B2EE00D7332B /* DownloadsVC.swift */,
				86DF317E2BC5AEA300D7332B /* MainTabBarController.swift */,
			);
			path = ViewControllers;
			sourceTree = "<group>";
		};
/* End PBXGroup section */

/* Begin PBXNativeTarget section */
		86DF31762BC5AEA300D7332B /* Netflix */ = {
			isa = PBXNativeTarget;
			buildConfigurationList = 86DF318B2BC5AEA400D7332B /* Build configuration list for PBXNativeTarget "Netflix" */;
			buildPhases = (
				86DF31732BC5AEA300D7332B /* Sources */,
				86DF31742BC5AEA300D7332B /* Frameworks */,
				86DF31752BC5AEA300D7332B /* Resources */,
			);
			buildRules = (
			);
			dependencies = (
			);
			name = Netflix;
			packageProductDependencies = (
				8637652E2BE784D1001BA126 /* SDWebImage */,
			);
			productName = Netflix;
			productReference = 86DF31772BC5AEA300D7332B /* Netflix.app */;
			productType = "com.apple.product-type.application";
		};
/* End PBXNativeTarget section */

/* Begin PBXProject section */
		86DF316F2BC5AEA300D7332B /* Project object */ = {
			isa = PBXProject;
			attributes = {
				BuildIndependentTargetsInParallel = 1;
				LastSwiftUpdateCheck = 1500;
				LastUpgradeCheck = 1500;
				TargetAttributes = {
					86DF31762BC5AEA300D7332B = {
						CreatedOnToolsVersion = 15.0.1;
					};
				};
			};
			buildConfigurationList = 86DF31722BC5AEA300D7332B /* Build configuration list for PBXProject "Netflix" */;
			compatibilityVersion = "Xcode 14.0";
			developmentRegion = en;
			hasScannedForEncodings = 0;
			knownRegions = (
				en,
				Base,
			);
			mainGroup = 86DF316E2BC5AEA300D7332B;
			packageReferences = (
				8637652D2BE784D1001BA126 /* XCRemoteSwiftPackageReference "SDWebImage" */,
			);
			productRefGroup = 86DF31782BC5AEA300D7332B /* Products */;
			projectDirPath = "";
			projectRoot = "";
			targets = (
				86DF31762BC5AEA300D7332B /* Netflix */,
			);
		};
/* End PBXProject section */

/* Begin PBXResourcesBuildPhase section */
		86DF31752BC5AEA300D7332B /* Resources */ = {
			isa = PBXResourcesBuildPhase;
			buildActionMask = 2147483647;
			files = (
				86DF31872BC5AEA400D7332B /* LaunchScreen.storyboard in Resources */,
				86DF31842BC5AEA400D7332B /* Assets.xcassets in Resources */,
			);
			runOnlyForDeploymentPostprocessing = 0;
		};
/* End PBXResourcesBuildPhase section */

/* Begin PBXSourcesBuildPhase section */
		86DF31732BC5AEA300D7332B /* Sources */ = {
			isa = PBXSourcesBuildPhase;
			buildActionMask = 2147483647;
			files = (
				86D9F2382BCC248B00D84982 /* NFCategoryViewModel.swift in Sources */,
				86DF31952BC5B17200D7332B /* SearchVC.swift in Sources */,
				86DF317F2BC5AEA300D7332B /* MainTabBarController.swift in Sources */,
				86DF31972BC5B2EE00D7332B /* DownloadsVC.swift in Sources */,
				86D9F23A2BCC26A600D84982 /* NFHomeViewVM.swift in Sources */,
				86DF317B2BC5AEA300D7332B /* AppDelegate.swift in Sources */,
				86D9F23F2BCC32B100D84982 /* NFEndPointType.swift in Sources */,
				863765332BE7A93A001BA126 /* NFUpcomingTableViewCell.swift in Sources */,
				86D34FC22BCA85D700E76076 /* CategoryItemCollectionViewCell.swift in Sources */,
				863765312BE7A8A1001BA126 /* NFUpcomingView.swift in Sources */,
				863765352BE7B7DA001BA126 /* NFUpcomingVM.swift in Sources */,
				8637652C2BE78353001BA126 /* ImageRequestBuilder.swift in Sources */,
				86DF317D2BC5AEA300D7332B /* SceneDelegate.swift in Sources */,
				86D9F2342BCC23F200D84982 /* NFEnums.swift in Sources */,
				8639A57F2BC9A6E300FF4A0F /* NFHomeView.swift in Sources */,
				86DF31922BC5B15D00D7332B /* NFUpcomingVC.swift in Sources */,
				86D9F2362BCC246800D84982 /* NFBannerViewModel.swift in Sources */,
				86D34FC62BCA87F600E76076 /* BannerCollectionViewCell.swift in Sources */,
				86D9F23C2BCC2E1100D84982 /* NFAPICaller.swift in Sources */,
				86B01A9D2BCD979D00AC7A91 /* MovieResponse.swift in Sources */,
				86DF31902BC5B15300D7332B /* NFHomeVC.swift in Sources */,
				86D9F2312BCBC0F600D84982 /* CategoryHeaderCollectionReusableView.swift in Sources */,
			);
			runOnlyForDeploymentPostprocessing = 0;
		};
/* End PBXSourcesBuildPhase section */

/* Begin PBXVariantGroup section */
		86DF31852BC5AEA400D7332B /* LaunchScreen.storyboard */ = {
			isa = PBXVariantGroup;
			children = (
				86DF31862BC5AEA400D7332B /* Base */,
			);
			name = LaunchScreen.storyboard;
			sourceTree = "<group>";
		};
/* End PBXVariantGroup section */

/* Begin XCBuildConfiguration section */
		86DF31892BC5AEA400D7332B /* Debug */ = {
			isa = XCBuildConfiguration;
			buildSettings = {
				ALWAYS_SEARCH_USER_PATHS = NO;
				ASSETCATALOG_COMPILER_GENERATE_SWIFT_ASSET_SYMBOL_EXTENSIONS = YES;
				CLANG_ANALYZER_NONNULL = YES;
				CLANG_ANALYZER_NUMBER_OBJECT_CONVERSION = YES_AGGRESSIVE;
				CLANG_CXX_LANGUAGE_STANDARD = "gnu++20";
				CLANG_ENABLE_MODULES = YES;
				CLANG_ENABLE_OBJC_ARC = YES;
				CLANG_ENABLE_OBJC_WEAK = YES;
				CLANG_WARN_BLOCK_CAPTURE_AUTORELEASING = YES;
				CLANG_WARN_BOOL_CONVERSION = YES;
				CLANG_WARN_COMMA = YES;
				CLANG_WARN_CONSTANT_CONVERSION = YES;
				CLANG_WARN_DEPRECATED_OBJC_IMPLEMENTATIONS = YES;
				CLANG_WARN_DIRECT_OBJC_ISA_USAGE = YES_ERROR;
				CLANG_WARN_DOCUMENTATION_COMMENTS = YES;
				CLANG_WARN_EMPTY_BODY = YES;
				CLANG_WARN_ENUM_CONVERSION = YES;
				CLANG_WARN_INFINITE_RECURSION = YES;
				CLANG_WARN_INT_CONVERSION = YES;
				CLANG_WARN_NON_LITERAL_NULL_CONVERSION = YES;
				CLANG_WARN_OBJC_IMPLICIT_RETAIN_SELF = YES;
				CLANG_WARN_OBJC_LITERAL_CONVERSION = YES;
				CLANG_WARN_OBJC_ROOT_CLASS = YES_ERROR;
				CLANG_WARN_QUOTED_INCLUDE_IN_FRAMEWORK_HEADER = YES;
				CLANG_WARN_RANGE_LOOP_ANALYSIS = YES;
				CLANG_WARN_STRICT_PROTOTYPES = YES;
				CLANG_WARN_SUSPICIOUS_MOVE = YES;
				CLANG_WARN_UNGUARDED_AVAILABILITY = YES_AGGRESSIVE;
				CLANG_WARN_UNREACHABLE_CODE = YES;
				CLANG_WARN__DUPLICATE_METHOD_MATCH = YES;
				COPY_PHASE_STRIP = NO;
				DEBUG_INFORMATION_FORMAT = dwarf;
				ENABLE_STRICT_OBJC_MSGSEND = YES;
				ENABLE_TESTABILITY = YES;
				ENABLE_USER_SCRIPT_SANDBOXING = YES;
				GCC_C_LANGUAGE_STANDARD = gnu17;
				GCC_DYNAMIC_NO_PIC = NO;
				GCC_NO_COMMON_BLOCKS = YES;
				GCC_OPTIMIZATION_LEVEL = 0;
				GCC_PREPROCESSOR_DEFINITIONS = (
					"DEBUG=1",
					"$(inherited)",
				);
				GCC_WARN_64_TO_32_BIT_CONVERSION = YES;
				GCC_WARN_ABOUT_RETURN_TYPE = YES_ERROR;
				GCC_WARN_UNDECLARED_SELECTOR = YES;
				GCC_WARN_UNINITIALIZED_AUTOS = YES_AGGRESSIVE;
				GCC_WARN_UNUSED_FUNCTION = YES;
				GCC_WARN_UNUSED_VARIABLE = YES;
				IPHONEOS_DEPLOYMENT_TARGET = 17.0;
				LOCALIZATION_PREFERS_STRING_CATALOGS = YES;
				MTL_ENABLE_DEBUG_INFO = INCLUDE_SOURCE;
				MTL_FAST_MATH = YES;
				ONLY_ACTIVE_ARCH = YES;
				SDKROOT = iphoneos;
				SWIFT_ACTIVE_COMPILATION_CONDITIONS = "DEBUG $(inherited)";
				SWIFT_OPTIMIZATION_LEVEL = "-Onone";
			};
			name = Debug;
		};
		86DF318A2BC5AEA400D7332B /* Release */ = {
			isa = XCBuildConfiguration;
			buildSettings = {
				ALWAYS_SEARCH_USER_PATHS = NO;
				ASSETCATALOG_COMPILER_GENERATE_SWIFT_ASSET_SYMBOL_EXTENSIONS = YES;
				CLANG_ANALYZER_NONNULL = YES;
				CLANG_ANALYZER_NUMBER_OBJECT_CONVERSION = YES_AGGRESSIVE;
				CLANG_CXX_LANGUAGE_STANDARD = "gnu++20";
				CLANG_ENABLE_MODULES = YES;
				CLANG_ENABLE_OBJC_ARC = YES;
				CLANG_ENABLE_OBJC_WEAK = YES;
				CLANG_WARN_BLOCK_CAPTURE_AUTORELEASING = YES;
				CLANG_WARN_BOOL_CONVERSION = YES;
				CLANG_WARN_COMMA = YES;
				CLANG_WARN_CONSTANT_CONVERSION = YES;
				CLANG_WARN_DEPRECATED_OBJC_IMPLEMENTATIONS = YES;
				CLANG_WARN_DIRECT_OBJC_ISA_USAGE = YES_ERROR;
				CLANG_WARN_DOCUMENTATION_COMMENTS = YES;
				CLANG_WARN_EMPTY_BODY = YES;
				CLANG_WARN_ENUM_CONVERSION = YES;
				CLANG_WARN_INFINITE_RECURSION = YES;
				CLANG_WARN_INT_CONVERSION = YES;
				CLANG_WARN_NON_LITERAL_NULL_CONVERSION = YES;
				CLANG_WARN_OBJC_IMPLICIT_RETAIN_SELF = YES;
				CLANG_WARN_OBJC_LITERAL_CONVERSION = YES;
				CLANG_WARN_OBJC_ROOT_CLASS = YES_ERROR;
				CLANG_WARN_QUOTED_INCLUDE_IN_FRAMEWORK_HEADER = YES;
				CLANG_WARN_RANGE_LOOP_ANALYSIS = YES;
				CLANG_WARN_STRICT_PROTOTYPES = YES;
				CLANG_WARN_SUSPICIOUS_MOVE = YES;
				CLANG_WARN_UNGUARDED_AVAILABILITY = YES_AGGRESSIVE;
				CLANG_WARN_UNREACHABLE_CODE = YES;
				CLANG_WARN__DUPLICATE_METHOD_MATCH = YES;
				COPY_PHASE_STRIP = NO;
				DEBUG_INFORMATION_FORMAT = "dwarf-with-dsym";
				ENABLE_NS_ASSERTIONS = NO;
				ENABLE_STRICT_OBJC_MSGSEND = YES;
				ENABLE_USER_SCRIPT_SANDBOXING = YES;
				GCC_C_LANGUAGE_STANDARD = gnu17;
				GCC_NO_COMMON_BLOCKS = YES;
				GCC_WARN_64_TO_32_BIT_CONVERSION = YES;
				GCC_WARN_ABOUT_RETURN_TYPE = YES_ERROR;
				GCC_WARN_UNDECLARED_SELECTOR = YES;
				GCC_WARN_UNINITIALIZED_AUTOS = YES_AGGRESSIVE;
				GCC_WARN_UNUSED_FUNCTION = YES;
				GCC_WARN_UNUSED_VARIABLE = YES;
				IPHONEOS_DEPLOYMENT_TARGET = 17.0;
				LOCALIZATION_PREFERS_STRING_CATALOGS = YES;
				MTL_ENABLE_DEBUG_INFO = NO;
				MTL_FAST_MATH = YES;
				SDKROOT = iphoneos;
				SWIFT_COMPILATION_MODE = wholemodule;
				VALIDATE_PRODUCT = YES;
			};
			name = Release;
		};
		86DF318C2BC5AEA400D7332B /* Debug */ = {
			isa = XCBuildConfiguration;
			buildSettings = {
				ASSETCATALOG_COMPILER_APPICON_NAME = AppIcon;
				ASSETCATALOG_COMPILER_GLOBAL_ACCENT_COLOR_NAME = AccentColor;
				CODE_SIGN_STYLE = Automatic;
				CURRENT_PROJECT_VERSION = 1;
				DEVELOPMENT_TEAM = 98GGD2LM74;
				GENERATE_INFOPLIST_FILE = YES;
				INFOPLIST_FILE = Netflix/Info.plist;
				INFOPLIST_KEY_UIApplicationSupportsIndirectInputEvents = YES;
				INFOPLIST_KEY_UILaunchStoryboardName = LaunchScreen;
				INFOPLIST_KEY_UISupportedInterfaceOrientations_iPad = "UIInterfaceOrientationPortrait UIInterfaceOrientationPortraitUpsideDown UIInterfaceOrientationLandscapeLeft UIInterfaceOrientationLandscapeRight";
				INFOPLIST_KEY_UISupportedInterfaceOrientations_iPhone = "UIInterfaceOrientationPortrait UIInterfaceOrientationLandscapeLeft UIInterfaceOrientationLandscapeRight";
				LD_RUNPATH_SEARCH_PATHS = (
					"$(inherited)",
					"@executable_path/Frameworks",
				);
				MARKETING_VERSION = 1.0;
				PRODUCT_BUNDLE_IDENTIFIER = io.avii.Netflix;
				PRODUCT_NAME = "$(TARGET_NAME)";
				SWIFT_EMIT_LOC_STRINGS = YES;
				SWIFT_VERSION = 5.0;
				TARGETED_DEVICE_FAMILY = "1,2";
			};
			name = Debug;
		};
		86DF318D2BC5AEA400D7332B /* Release */ = {
			isa = XCBuildConfiguration;
			buildSettings = {
				ASSETCATALOG_COMPILER_APPICON_NAME = AppIcon;
				ASSETCATALOG_COMPILER_GLOBAL_ACCENT_COLOR_NAME = AccentColor;
				CODE_SIGN_STYLE = Automatic;
				CURRENT_PROJECT_VERSION = 1;
				DEVELOPMENT_TEAM = 98GGD2LM74;
				GENERATE_INFOPLIST_FILE = YES;
				INFOPLIST_FILE = Netflix/Info.plist;
				INFOPLIST_KEY_UIApplicationSupportsIndirectInputEvents = YES;
				INFOPLIST_KEY_UILaunchStoryboardName = LaunchScreen;
				INFOPLIST_KEY_UISupportedInterfaceOrientations_iPad = "UIInterfaceOrientationPortrait UIInterfaceOrientationPortraitUpsideDown UIInterfaceOrientationLandscapeLeft UIInterfaceOrientationLandscapeRight";
				INFOPLIST_KEY_UISupportedInterfaceOrientations_iPhone = "UIInterfaceOrientationPortrait UIInterfaceOrientationLandscapeLeft UIInterfaceOrientationLandscapeRight";
				LD_RUNPATH_SEARCH_PATHS = (
					"$(inherited)",
					"@executable_path/Frameworks",
				);
				MARKETING_VERSION = 1.0;
				PRODUCT_BUNDLE_IDENTIFIER = io.avii.Netflix;
				PRODUCT_NAME = "$(TARGET_NAME)";
				SWIFT_EMIT_LOC_STRINGS = YES;
				SWIFT_VERSION = 5.0;
				TARGETED_DEVICE_FAMILY = "1,2";
			};
			name = Release;
		};
/* End XCBuildConfiguration section */

/* Begin XCConfigurationList section */
		86DF31722BC5AEA300D7332B /* Build configuration list for PBXProject "Netflix" */ = {
			isa = XCConfigurationList;
			buildConfigurations = (
				86DF31892BC5AEA400D7332B /* Debug */,
				86DF318A2BC5AEA400D7332B /* Release */,
			);
			defaultConfigurationIsVisible = 0;
			defaultConfigurationName = Release;
		};
		86DF318B2BC5AEA400D7332B /* Build configuration list for PBXNativeTarget "Netflix" */ = {
			isa = XCConfigurationList;
			buildConfigurations = (
				86DF318C2BC5AEA400D7332B /* Debug */,
				86DF318D2BC5AEA400D7332B /* Release */,
			);
			defaultConfigurationIsVisible = 0;
			defaultConfigurationName = Release;
		};
/* End XCConfigurationList section */

/* Begin XCRemoteSwiftPackageReference section */
		8637652D2BE784D1001BA126 /* XCRemoteSwiftPackageReference "SDWebImage" */ = {
			isa = XCRemoteSwiftPackageReference;
			repositoryURL = "https://github.com/SDWebImage/SDWebImage.git";
			requirement = {
				kind = upToNextMajorVersion;
				minimumVersion = 5.19.1;
			};
		};
/* End XCRemoteSwiftPackageReference section */

/* Begin XCSwiftPackageProductDependency section */
		8637652E2BE784D1001BA126 /* SDWebImage */ = {
			isa = XCSwiftPackageProductDependency;
			package = 8637652D2BE784D1001BA126 /* XCRemoteSwiftPackageReference "SDWebImage" */;
			productName = SDWebImage;
		};
/* End XCSwiftPackageProductDependency section */
	};
	rootObject = 86DF316F2BC5AEA300D7332B /* Project object */;
}
